
Microsoft Visual Studio Solution File, Format Version 12.00
# Visual Studio 2013
VisualStudioVersion = 12.0.21005.1
MinimumVisualStudioVersion = 10.0.40219.1
Project("{FAE04EC0-301F-11D3-BF4B-00C04F79EFBC}") = "ReservasMF.Web", "ReservasMF.Web\ReservasMF.Web.csproj", "{C32D69C5-D19D-4FA6-853A-986ED0865BBE}"
EndProject
Project("{FAE04EC0-301F-11D3-BF4B-00C04F79EFBC}") = "ReservasMF.Repositorio", "ReservasMF.Repositorio\ReservasMF.Repositorio.csproj", "{C4BD543D-A5D0-402B-B8BD-D3234B1B3309}"
EndProject
Global
	GlobalSection(SolutionConfigurationPlatforms) = preSolution
		Debug|Any CPU = Debug|Any CPU
		Release|Any CPU = Release|Any CPU
	EndGlobalSection
	GlobalSection(ProjectConfigurationPlatforms) = postSolution
		{C32D69C5-D19D-4FA6-853A-986ED0865BBE}.Debug|Any CPU.ActiveCfg = Debug|Any CPU
		{C32D69C5-D19D-4FA6-853A-986ED0865BBE}.Debug|Any CPU.Build.0 = Debug|Any CPU
		{C32D69C5-D19D-4FA6-853A-986ED0865BBE}.Release|Any CPU.ActiveCfg = Release|Any CPU
		{C32D69C5-D19D-4FA6-853A-986ED0865BBE}.Release|Any CPU.Build.0 = Release|Any CPU
		{C4BD543D-A5D0-402B-B8BD-D3234B1B3309}.Debug|Any CPU.ActiveCfg = Debug|Any CPU
		{C4BD543D-A5D0-402B-B8BD-D3234B1B3309}.Debug|Any CPU.Build.0 = Debug|Any CPU
		{C4BD543D-A5D0-402B-B8BD-D3234B1B3309}.Release|Any CPU.ActiveCfg = Release|Any CPU
		{C4BD543D-A5D0-402B-B8BD-D3234B1B3309}.Release|Any CPU.Build.0 = Release|Any CPU
	EndGlobalSection
	GlobalSection(SolutionProperties) = preSolution
		HideSolutionNode = FALSE
	EndGlobalSection
EndGlobal
